
Microsoft Visual Studio Solution File, Format Version 12.00
# Visual Studio Version 16
VisualStudioVersion = 16.0.31911.196
MinimumVisualStudioVersion = 10.0.40219.1
Project("{FAE04EC0-301F-11D3-BF4B-00C04F79EFBC}") = "Excersize 2 Lexicon", "Excersize 2 Lexicon\Excersize 2 Lexicon.csproj", "{7C137800-E6A5-44B6-AC45-2A6D66191B32}"
EndProject
Global
	GlobalSection(SolutionConfigurationPlatforms) = preSolution
		Debug|Any CPU = Debug|Any CPU
		Release|Any CPU = Release|Any CPU
	EndGlobalSection
	GlobalSection(ProjectConfigurationPlatforms) = postSolution
		{7C137800-E6A5-44B6-AC45-2A6D66191B32}.Debug|Any CPU.ActiveCfg = Debug|Any CPU
		{7C137800-E6A5-44B6-AC45-2A6D66191B32}.Debug|Any CPU.Build.0 = Debug|Any CPU
		{7C137800-E6A5-44B6-AC45-2A6D66191B32}.Release|Any CPU.ActiveCfg = Release|Any CPU
		{7C137800-E6A5-44B6-AC45-2A6D66191B32}.Release|Any CPU.Build.0 = Release|Any CPU
	EndGlobalSection
	GlobalSection(SolutionProperties) = preSolution
		HideSolutionNode = FALSE
	EndGlobalSection
	GlobalSection(ExtensibilityGlobals) = postSolution
		SolutionGuid = {85E59146-03C1-4F3A-B038-3633A3FB44E9}
	EndGlobalSection
EndGlobal
